{"version":4,"terraform_version":"1.9.0","serial":6,"lineage":"119c3797-c520-88aa-b73e-9532f7428a39","outputs":{},"resources":[{"mode":"managed","type":"github_branch","name":"build","provider":"provider[\"registry.opentofu.org/hashicorp/github\"]","instances":[{"schema_version":0,"attributes":{"branch":"build","etag":"W/\"6968877d9d2eb794e313e475bcfa1d9cc304d4d303480cf222c2abb13aec28bd\"","id":"ejemploTerraform:build","ref":"refs/heads/build","repository":"ejemploTerraform","sha":"70cf654aa5a54e5f300fd50818ef2bd4fc68294b","source_branch":"main","source_sha":"70cf654aa5a54e5f300fd50818ef2bd4fc68294b"},"sensitive_attributes":[],"private":"bnVsbA==","dependencies":["github_repository.ejemploTerraform"]}]},{"mode":"managed","type":"github_branch","name":"development","provider":"provider[\"registry.opentofu.org/hashicorp/github\"]","instances":[{"schema_version":0,"attributes":{"branch":"desarrollo","etag":"W/\"ca5da666d42999b6624860285c567cc69bfa4f832b86aa78038d500d459f7204\"","id":"ejemploTerraform:desarrollo","ref":"refs/heads/desarrollo","repository":"ejemploTerraform","sha":"70cf654aa5a54e5f300fd50818ef2bd4fc68294b","source_branch":"main","source_sha":"70cf654aa5a54e5f300fd50818ef2bd4fc68294b"},"sensitive_attributes":[],"private":"bnVsbA==","dependencies":["github_repository.ejemploTerraform"]}]},{"mode":"managed","type":"github_branch","name":"releases","provider":"provider[\"registry.opentofu.org/hashicorp/github\"]","instances":[{"schema_version":0,"attributes":{"branch":"releases","etag":"W/\"8d12e36cb483f7c2939239453367a0663cda6c01d1ab006bde3f586eb3f60d49\"","id":"ejemploTerraform:releases","ref":"refs/heads/releases","repository":"ejemploTerraform","sha":"70cf654aa5a54e5f300fd50818ef2bd4fc68294b","source_branch":"main","source_sha":"70cf654aa5a54e5f300fd50818ef2bd4fc68294b"},"sensitive_attributes":[],"private":"bnVsbA==","dependencies":["github_repository.ejemploTerraform"]}]},{"mode":"managed","type":"github_repository","name":"ejemploTerraform","provider":"provider[\"registry.opentofu.org/hashicorp/github\"]","instances":[{"schema_version":1,"attributes":{"allow_auto_merge":false,"allow_merge_commit":true,"allow_rebase_merge":true,"allow_squash_merge":false,"allow_update_branch":false,"archive_on_destroy":null,"archived":false,"auto_init":null,"default_branch":"main","delete_branch_on_merge":false,"description":"blank","etag":"W/\"6f76faf3465148466f2308a02722a3deaec5ea9b024cb20b6b77e671e0cae27f\"","full_name":"dvillamor0/ejemploTerraform","git_clone_url":"git://github.com/dvillamor0/ejemploTerraform.git","gitignore_template":null,"has_discussions":false,"has_downloads":false,"has_issues":false,"has_projects":false,"has_wiki":false,"homepage_url":"","html_url":"https://github.com/dvillamor0/ejemploTerraform","http_clone_url":"https://github.com/dvillamor0/ejemploTerraform.git","id":"ejemploTerraform","ignore_vulnerability_alerts_during_read":null,"is_template":false,"license_template":null,"merge_commit_message":"PR_TITLE","merge_commit_title":"MERGE_MESSAGE","name":"ejemploTerraform","node_id":"R_kgDON9b7vg","pages":[],"primary_language":"","private":false,"repo_id":936836030,"security_and_analysis":[{"advanced_security":[],"secret_scanning":[{"status":"enabled"}],"secret_scanning_push_protection":[{"status":"enabled"}]}],"squash_merge_commit_message":"COMMIT_MESSAGES","squash_merge_commit_title":"COMMIT_OR_PR_TITLE","ssh_clone_url":"git@github.com:dvillamor0/ejemploTerraform.git","svn_url":"https://github.com/dvillamor0/ejemploTerraform","template":[{"include_all_branches":false,"owner":"dvillamor0","repository":"labTerraform"}],"topics":[],"visibility":"public","vulnerability_alerts":false,"web_commit_signoff_required":false},"sensitive_attributes":[],"private":"eyJzY2hlbWFfdmVyc2lvbiI6IjEifQ=="}]}],"check_results":null}
